
Microsoft Visual Studio Solution File, Format Version 12.00
# Visual Studio Version 17
VisualStudioVersion = 17.7.34202.233
MinimumVisualStudioVersion = 10.0.40219.1
Project("{FAE04EC0-301F-11D3-BF4B-00C04F79EFBC}") = "DynamicPDF_TSA_Issue", "DynamicPDF_TSA_Issue.csproj", "{E908FB27-4625-4CCA-BDAE-8ACD08279683}"
EndProject
Global
	GlobalSection(SolutionConfigurationPlatforms) = preSolution
		Debug|Any CPU = Debug|Any CPU
		Release|Any CPU = Release|Any CPU
	EndGlobalSection
	GlobalSection(ProjectConfigurationPlatforms) = postSolution
		{E908FB27-4625-4CCA-BDAE-8ACD08279683}.Debug|Any CPU.ActiveCfg = Debug|Any CPU
		{E908FB27-4625-4CCA-BDAE-8ACD08279683}.Debug|Any CPU.Build.0 = Debug|Any CPU
		{E908FB27-4625-4CCA-BDAE-8ACD08279683}.Release|Any CPU.ActiveCfg = Release|Any CPU
		{E908FB27-4625-4CCA-BDAE-8ACD08279683}.Release|Any CPU.Build.0 = Release|Any CPU
	EndGlobalSection
	GlobalSection(SolutionProperties) = preSolution
		HideSolutionNode = FALSE
	EndGlobalSection
	GlobalSection(ExtensibilityGlobals) = postSolution
		SolutionGuid = {383997BE-0825-4D77-9B9D-E362A8774E45}
	EndGlobalSection
EndGlobal
